
Microsoft Visual Studio Solution File, Format Version 12.00
# Visual Studio Version 17
VisualStudioVersion = 17.8.34330.188
MinimumVisualStudioVersion = 10.0.40219.1
Project("{FAE04EC0-301F-11D3-BF4B-00C04F79EFBC}") = "CW2_ProfileService", "CW2_ProfileService\CW2_ProfileService.csproj", "{7A601385-0A21-4886-8DFE-C553DD9D27CF}"
EndProject
Global
	GlobalSection(SolutionConfigurationPlatforms) = preSolution
		Debug|Any CPU = Debug|Any CPU
		Release|Any CPU = Release|Any CPU
	EndGlobalSection
	GlobalSection(ProjectConfigurationPlatforms) = postSolution
		{7A601385-0A21-4886-8DFE-C553DD9D27CF}.Debug|Any CPU.ActiveCfg = Debug|Any CPU
		{7A601385-0A21-4886-8DFE-C553DD9D27CF}.Debug|Any CPU.Build.0 = Debug|Any CPU
		{7A601385-0A21-4886-8DFE-C553DD9D27CF}.Release|Any CPU.ActiveCfg = Release|Any CPU
		{7A601385-0A21-4886-8DFE-C553DD9D27CF}.Release|Any CPU.Build.0 = Release|Any CPU
	EndGlobalSection
	GlobalSection(SolutionProperties) = preSolution
		HideSolutionNode = FALSE
	EndGlobalSection
	GlobalSection(ExtensibilityGlobals) = postSolution
		SolutionGuid = {754E95B2-0E72-4122-819E-BDCA907429D4}
	EndGlobalSection
EndGlobal
